
Microsoft Visual Studio Solution File, Format Version 12.00
Project("{FAE04EC0-301F-11D3-BF4B-00C04F79EFBC}") = "WalletApp.Api", "WalletApp.Api\WalletApp.Api.csproj", "{632C3960-A025-47E9-806A-71CFC94950FD}"
EndProject
Project("{2150E333-8FDC-42A3-9474-1A3956D46DE8}") = "Presentaction", "Presentaction", "{082D4425-7E84-4E93-A605-F77122FD1060}"
EndProject
Project("{2150E333-8FDC-42A3-9474-1A3956D46DE8}") = "Core", "Core", "{6590F0F1-5A0F-4BB0-ABE4-DBF85A45D09D}"
EndProject
Project("{2150E333-8FDC-42A3-9474-1A3956D46DE8}") = "Infrastructure", "Infrastructure", "{1A9CA327-FA31-47DA-B8AB-3B79AFD26256}"
EndProject
Project("{2150E333-8FDC-42A3-9474-1A3956D46DE8}") = "Tests", "Tests", "{E7921C37-A9CA-4E10-A63C-A84906C52411}"
EndProject
Project("{FAE04EC0-301F-11D3-BF4B-00C04F79EFBC}") = "WalletApp.Application", "WalletApp.Application\WalletApp.Application.csproj", "{84999F0B-B273-4787-96E9-683AB0F10EE1}"
EndProject
Project("{FAE04EC0-301F-11D3-BF4B-00C04F79EFBC}") = "WalletApp.Domain", "WalletApp.Domain\WalletApp.Domain.csproj", "{93A58E5D-C4DE-45C6-99CE-A75E5388CF86}"
EndProject
Project("{FAE04EC0-301F-11D3-BF4B-00C04F79EFBC}") = "WalletApp.Persistence", "WalletApp.Persistence\WalletApp.Persistence.csproj", "{4BD16C82-E59B-4DA4-87FE-092CED91D2AF}"
EndProject
Project("{FAE04EC0-301F-11D3-BF4B-00C04F79EFBC}") = "WalletApp.Infrastructure", "WalletApp.Infrastructure\WalletApp.Infrastructure.csproj", "{07AF1003-720F-4E9F-897A-4A2E117161DA}"
EndProject
Project("{2150E333-8FDC-42A3-9474-1A3956D46DE8}") = "UnitTests", "UnitTests", "{5B22F5AE-87E9-4892-BFD4-DB85018C511B}"
EndProject
Project("{FAE04EC0-301F-11D3-BF4B-00C04F79EFBC}") = "Core.Tests", "Core.Tests\Core.Tests.csproj", "{3F7CB577-CA15-402B-8ED3-B3EC651558C9}"
EndProject
Project("{FAE04EC0-301F-11D3-BF4B-00C04F79EFBC}") = "Application.Tests", "Application.Tests\Application.Tests.csproj", "{94C27B7A-8FDE-4533-BBEC-3709ABD38FD3}"
EndProject
Global
	GlobalSection(SolutionConfigurationPlatforms) = preSolution
		Debug|Any CPU = Debug|Any CPU
		Release|Any CPU = Release|Any CPU
	EndGlobalSection
	GlobalSection(ProjectConfigurationPlatforms) = postSolution
		{632C3960-A025-47E9-806A-71CFC94950FD}.Debug|Any CPU.ActiveCfg = Debug|Any CPU
		{632C3960-A025-47E9-806A-71CFC94950FD}.Debug|Any CPU.Build.0 = Debug|Any CPU
		{632C3960-A025-47E9-806A-71CFC94950FD}.Release|Any CPU.ActiveCfg = Release|Any CPU
		{632C3960-A025-47E9-806A-71CFC94950FD}.Release|Any CPU.Build.0 = Release|Any CPU
		{84999F0B-B273-4787-96E9-683AB0F10EE1}.Debug|Any CPU.ActiveCfg = Debug|Any CPU
		{84999F0B-B273-4787-96E9-683AB0F10EE1}.Debug|Any CPU.Build.0 = Debug|Any CPU
		{84999F0B-B273-4787-96E9-683AB0F10EE1}.Release|Any CPU.ActiveCfg = Release|Any CPU
		{84999F0B-B273-4787-96E9-683AB0F10EE1}.Release|Any CPU.Build.0 = Release|Any CPU
		{93A58E5D-C4DE-45C6-99CE-A75E5388CF86}.Debug|Any CPU.ActiveCfg = Debug|Any CPU
		{93A58E5D-C4DE-45C6-99CE-A75E5388CF86}.Debug|Any CPU.Build.0 = Debug|Any CPU
		{93A58E5D-C4DE-45C6-99CE-A75E5388CF86}.Release|Any CPU.ActiveCfg = Release|Any CPU
		{93A58E5D-C4DE-45C6-99CE-A75E5388CF86}.Release|Any CPU.Build.0 = Release|Any CPU
		{4BD16C82-E59B-4DA4-87FE-092CED91D2AF}.Debug|Any CPU.ActiveCfg = Debug|Any CPU
		{4BD16C82-E59B-4DA4-87FE-092CED91D2AF}.Debug|Any CPU.Build.0 = Debug|Any CPU
		{4BD16C82-E59B-4DA4-87FE-092CED91D2AF}.Release|Any CPU.ActiveCfg = Release|Any CPU
		{4BD16C82-E59B-4DA4-87FE-092CED91D2AF}.Release|Any CPU.Build.0 = Release|Any CPU
		{07AF1003-720F-4E9F-897A-4A2E117161DA}.Debug|Any CPU.ActiveCfg = Debug|Any CPU
		{07AF1003-720F-4E9F-897A-4A2E117161DA}.Debug|Any CPU.Build.0 = Debug|Any CPU
		{07AF1003-720F-4E9F-897A-4A2E117161DA}.Release|Any CPU.ActiveCfg = Release|Any CPU
		{07AF1003-720F-4E9F-897A-4A2E117161DA}.Release|Any CPU.Build.0 = Release|Any CPU
		{3F7CB577-CA15-402B-8ED3-B3EC651558C9}.Debug|Any CPU.ActiveCfg = Debug|Any CPU
		{3F7CB577-CA15-402B-8ED3-B3EC651558C9}.Debug|Any CPU.Build.0 = Debug|Any CPU
		{3F7CB577-CA15-402B-8ED3-B3EC651558C9}.Release|Any CPU.ActiveCfg = Release|Any CPU
		{3F7CB577-CA15-402B-8ED3-B3EC651558C9}.Release|Any CPU.Build.0 = Release|Any CPU
		{94C27B7A-8FDE-4533-BBEC-3709ABD38FD3}.Debug|Any CPU.ActiveCfg = Debug|Any CPU
		{94C27B7A-8FDE-4533-BBEC-3709ABD38FD3}.Debug|Any CPU.Build.0 = Debug|Any CPU
		{94C27B7A-8FDE-4533-BBEC-3709ABD38FD3}.Release|Any CPU.ActiveCfg = Release|Any CPU
		{94C27B7A-8FDE-4533-BBEC-3709ABD38FD3}.Release|Any CPU.Build.0 = Release|Any CPU
	EndGlobalSection
	GlobalSection(NestedProjects) = preSolution
		{632C3960-A025-47E9-806A-71CFC94950FD} = {082D4425-7E84-4E93-A605-F77122FD1060}
		{84999F0B-B273-4787-96E9-683AB0F10EE1} = {6590F0F1-5A0F-4BB0-ABE4-DBF85A45D09D}
		{93A58E5D-C4DE-45C6-99CE-A75E5388CF86} = {6590F0F1-5A0F-4BB0-ABE4-DBF85A45D09D}
		{4BD16C82-E59B-4DA4-87FE-092CED91D2AF} = {1A9CA327-FA31-47DA-B8AB-3B79AFD26256}
		{07AF1003-720F-4E9F-897A-4A2E117161DA} = {1A9CA327-FA31-47DA-B8AB-3B79AFD26256}
		{5B22F5AE-87E9-4892-BFD4-DB85018C511B} = {E7921C37-A9CA-4E10-A63C-A84906C52411}
		{3F7CB577-CA15-402B-8ED3-B3EC651558C9} = {5B22F5AE-87E9-4892-BFD4-DB85018C511B}
		{94C27B7A-8FDE-4533-BBEC-3709ABD38FD3} = {5B22F5AE-87E9-4892-BFD4-DB85018C511B}
	EndGlobalSection
EndGlobal
